
Microsoft Visual Studio Solution File, Format Version 12.00
# Visual Studio Version 17
VisualStudioVersion = 17.0.32112.339
MinimumVisualStudioVersion = 10.0.40219.1
Project("{FAE04EC0-301F-11D3-BF4B-00C04F79EFBC}") = "AstroMath", "AstroMath.csproj", "{500DCF85-3FE9-4064-A333-2AAAEB94FBAC}"
EndProject
Global
	GlobalSection(SolutionConfigurationPlatforms) = preSolution
		Debug|Any CPU = Debug|Any CPU
		Release|Any CPU = Release|Any CPU
	EndGlobalSection
	GlobalSection(ProjectConfigurationPlatforms) = postSolution
		{500DCF85-3FE9-4064-A333-2AAAEB94FBAC}.Debug|Any CPU.ActiveCfg = Debug|Any CPU
		{500DCF85-3FE9-4064-A333-2AAAEB94FBAC}.Debug|Any CPU.Build.0 = Debug|Any CPU
		{500DCF85-3FE9-4064-A333-2AAAEB94FBAC}.Release|Any CPU.ActiveCfg = Release|Any CPU
		{500DCF85-3FE9-4064-A333-2AAAEB94FBAC}.Release|Any CPU.Build.0 = Release|Any CPU
	EndGlobalSection
	GlobalSection(SolutionProperties) = preSolution
		HideSolutionNode = FALSE
	EndGlobalSection
	GlobalSection(ExtensibilityGlobals) = postSolution
		SolutionGuid = {2FA95C56-4052-4A18-BCB1-11B7CC31C631}
	EndGlobalSection
EndGlobal
